// !$*UTF8*$!
{
	archiveVersion = 1;
	classes = {
	};
	objectVersion = 56;
	objects = {

/* Begin PBXBuildFile section */
		A35D59AA2CA7BAC200866AC6 /* GoogleService-Info.plist in Resources */ = {isa = PBXBuildFile; fileRef = A35D59A92CA7BAC200866AC6 /* GoogleService-Info.plist */; };
		A35D59AD2CA7BE0C00866AC6 /* FirebaseAnalytics in Frameworks */ = {isa = PBXBuildFile; productRef = A35D59AC2CA7BE0C00866AC6 /* FirebaseAnalytics */; };
		A35D59AF2CA7BE0C00866AC6 /* FirebaseFirestore in Frameworks */ = {isa = PBXBuildFile; productRef = A35D59AE2CA7BE0C00866AC6 /* FirebaseFirestore */; };
		A35D59B12CA7BEF200866AC6 /* FirebaseService.swift in Sources */ = {isa = PBXBuildFile; fileRef = A35D59B02CA7BEF200866AC6 /* FirebaseService.swift */; };
		A35D59B72CA863CA00866AC6 /* Models.swift in Sources */ = {isa = PBXBuildFile; fileRef = A35D59B22CA863CA00866AC6 /* Models.swift */; };
		A35D59B82CA863CA00866AC6 /* ListingDetailView.swift in Sources */ = {isa = PBXBuildFile; fileRef = A35D59B32CA863CA00866AC6 /* ListingDetailView.swift */; };
		A35D59B92CA863CA00866AC6 /* SellerView.swift in Sources */ = {isa = PBXBuildFile; fileRef = A35D59B42CA863CA00866AC6 /* SellerView.swift */; };
		A35D59BA2CA863CA00866AC6 /* Components.swift in Sources */ = {isa = PBXBuildFile; fileRef = A35D59B52CA863CA00866AC6 /* Components.swift */; };
		A35D59BB2CA863CA00866AC6 /* BuyerView.swift in Sources */ = {isa = PBXBuildFile; fileRef = A35D59B62CA863CA00866AC6 /* BuyerView.swift */; };
		A35D59BD2CA87FFB00866AC6 /* LaunchScreen.storyboard in Resources */ = {isa = PBXBuildFile; fileRef = A35D59BC2CA87FFB00866AC6 /* LaunchScreen.storyboard */; };
		A3B001F72CA45EE300859461 /* ZotSwipeApp.swift in Sources */ = {isa = PBXBuildFile; fileRef = A3B001F62CA45EE300859461 /* ZotSwipeApp.swift */; };
		A3B001F92CA45EE300859461 /* ContentView.swift in Sources */ = {isa = PBXBuildFile; fileRef = A3B001F82CA45EE300859461 /* ContentView.swift */; };
		A3B001FB2CA45EE500859461 /* Assets.xcassets in Resources */ = {isa = PBXBuildFile; fileRef = A3B001FA2CA45EE500859461 /* Assets.xcassets */; };
		A3B001FE2CA45EE500859461 /* Preview Assets.xcassets in Resources */ = {isa = PBXBuildFile; fileRef = A3B001FD2CA45EE500859461 /* Preview Assets.xcassets */; };
		A3B002082CA45EE500859461 /* ZotSwipeTests.swift in Sources */ = {isa = PBXBuildFile; fileRef = A3B002072CA45EE500859461 /* ZotSwipeTests.swift */; };
		A3B002122CA45EE500859461 /* ZotSwipeUITests.swift in Sources */ = {isa = PBXBuildFile; fileRef = A3B002112CA45EE500859461 /* ZotSwipeUITests.swift */; };
		A3B002142CA45EE500859461 /* ZotSwipeUITestsLaunchTests.swift in Sources */ = {isa = PBXBuildFile; fileRef = A3B002132CA45EE500859461 /* ZotSwipeUITestsLaunchTests.swift */; };
		A3B002272CA6766400859461 /* DiningHallsView.swift in Sources */ = {isa = PBXBuildFile; fileRef = A3B002262CA6766400859461 /* DiningHallsView.swift */; };
		A3B002292CA676C100859461 /* AboutView.swift in Sources */ = {isa = PBXBuildFile; fileRef = A3B002282CA676C100859461 /* AboutView.swift */; };
		A3B0022B2CA6771400859461 /* MarketplaceView.swift in Sources */ = {isa = PBXBuildFile; fileRef = A3B0022A2CA6771400859461 /* MarketplaceView.swift */; };
/* End PBXBuildFile section */

/* Begin PBXContainerItemProxy section */
		A3B002042CA45EE500859461 /* PBXContainerItemProxy */ = {
			isa = PBXContainerItemProxy;
			containerPortal = A3B001EB2CA45EE300859461 /* Project object */;
			proxyType = 1;
			remoteGlobalIDString = A3B001F22CA45EE300859461;
			remoteInfo = ZotSwipe;
		};
		A3B0020E2CA45EE500859461 /* PBXContainerItemProxy */ = {
			isa = PBXContainerItemProxy;
			containerPortal = A3B001EB2CA45EE300859461 /* Project object */;
			proxyType = 1;
			remoteGlobalIDString = A3B001F22CA45EE300859461;
			remoteInfo = ZotSwipe;
		};
/* End PBXContainerItemProxy section */

/* Begin PBXFileReference section */
		A35D59A92CA7BAC200866AC6 /* GoogleService-Info.plist */ = {isa = PBXFileReference; fileEncoding = 4; lastKnownFileType = text.plist.xml; name = "GoogleService-Info.plist"; path = "../../../../Downloads/GoogleService-Info.plist"; sourceTree = "<group>"; };
		A35D59B02CA7BEF200866AC6 /* FirebaseService.swift */ = {isa = PBXFileReference; lastKnownFileType = sourcecode.swift; path = FirebaseService.swift; sourceTree = "<group>"; };
		A35D59B22CA863CA00866AC6 /* Models.swift */ = {isa = PBXFileReference; fileEncoding = 4; lastKnownFileType = sourcecode.swift; path = Models.swift; sourceTree = "<group>"; };
		A35D59B32CA863CA00866AC6 /* ListingDetailView.swift */ = {isa = PBXFileReference; fileEncoding = 4; lastKnownFileType = sourcecode.swift; path = ListingDetailView.swift; sourceTree = "<group>"; };
		A35D59B42CA863CA00866AC6 /* SellerView.swift */ = {isa = PBXFileReference; fileEncoding = 4; lastKnownFileType = sourcecode.swift; path = SellerView.swift; sourceTree = "<group>"; };
		A35D59B52CA863CA00866AC6 /* Components.swift */ = {isa = PBXFileReference; fileEncoding = 4; lastKnownFileType = sourcecode.swift; path = Components.swift; sourceTree = "<group>"; };
		A35D59B62CA863CA00866AC6 /* BuyerView.swift */ = {isa = PBXFileReference; fileEncoding = 4; lastKnownFileType = sourcecode.swift; path = BuyerView.swift; sourceTree = "<group>"; };
		A35D59BC2CA87FFB00866AC6 /* LaunchScreen.storyboard */ = {isa = PBXFileReference; lastKnownFileType = file.storyboard; path = LaunchScreen.storyboard; sourceTree = "<group>"; };
		A3B001F32CA45EE300859461 /* ZotSwipe.app */ = {isa = PBXFileReference; explicitFileType = wrapper.application; includeInIndex = 0; path = ZotSwipe.app; sourceTree = BUILT_PRODUCTS_DIR; };
		A3B001F62CA45EE300859461 /* ZotSwipeApp.swift */ = {isa = PBXFileReference; lastKnownFileType = sourcecode.swift; path = ZotSwipeApp.swift; sourceTree = "<group>"; };
		A3B001F82CA45EE300859461 /* ContentView.swift */ = {isa = PBXFileReference; lastKnownFileType = sourcecode.swift; path = ContentView.swift; sourceTree = "<group>"; };
		A3B001FA2CA45EE500859461 /* Assets.xcassets */ = {isa = PBXFileReference; lastKnownFileType = folder.assetcatalog; path = Assets.xcassets; sourceTree = "<group>"; };
		A3B001FD2CA45EE500859461 /* Preview Assets.xcassets */ = {isa = PBXFileReference; lastKnownFileType = folder.assetcatalog; path = "Preview Assets.xcassets"; sourceTree = "<group>"; };
		A3B002032CA45EE500859461 /* ZotSwipeTests.xctest */ = {isa = PBXFileReference; explicitFileType = wrapper.cfbundle; includeInIndex = 0; path = ZotSwipeTests.xctest; sourceTree = BUILT_PRODUCTS_DIR; };
		A3B002072CA45EE500859461 /* ZotSwipeTests.swift */ = {isa = PBXFileReference; lastKnownFileType = sourcecode.swift; path = ZotSwipeTests.swift; sourceTree = "<group>"; };
		A3B0020D2CA45EE500859461 /* ZotSwipeUITests.xctest */ = {isa = PBXFileReference; explicitFileType = wrapper.cfbundle; includeInIndex = 0; path = ZotSwipeUITests.xctest; sourceTree = BUILT_PRODUCTS_DIR; };
		A3B002112CA45EE500859461 /* ZotSwipeUITests.swift */ = {isa = PBXFileReference; lastKnownFileType = sourcecode.swift; path = ZotSwipeUITests.swift; sourceTree = "<group>"; };
		A3B002132CA45EE500859461 /* ZotSwipeUITestsLaunchTests.swift */ = {isa = PBXFileReference; lastKnownFileType = sourcecode.swift; path = ZotSwipeUITestsLaunchTests.swift; sourceTree = "<group>"; };
		A3B002262CA6766400859461 /* DiningHallsView.swift */ = {isa = PBXFileReference; lastKnownFileType = sourcecode.swift; path = DiningHallsView.swift; sourceTree = "<group>"; };
		A3B002282CA676C100859461 /* AboutView.swift */ = {isa = PBXFileReference; lastKnownFileType = sourcecode.swift; path = AboutView.swift; sourceTree = "<group>"; };
		A3B0022A2CA6771400859461 /* MarketplaceView.swift */ = {isa = PBXFileReference; lastKnownFileType = sourcecode.swift; path = MarketplaceView.swift; sourceTree = "<group>"; };
		A3B0022C2CA76B7B00859461 /* Info.plist */ = {isa = PBXFileReference; lastKnownFileType = text.plist; path = Info.plist; sourceTree = "<group>"; };
/* End PBXFileReference section */

/* Begin PBXFrameworksBuildPhase section */
		A3B001F02CA45EE300859461 /* Frameworks */ = {
			isa = PBXFrameworksBuildPhase;
			buildActionMask = 2147483647;
			files = (
				A35D59AD2CA7BE0C00866AC6 /* FirebaseAnalytics in Frameworks */,
				A35D59AF2CA7BE0C00866AC6 /* FirebaseFirestore in Frameworks */,
			);
			runOnlyForDeploymentPostprocessing = 0;
		};
		A3B002002CA45EE500859461 /* Frameworks */ = {
			isa = PBXFrameworksBuildPhase;
			buildActionMask = 2147483647;
			files = (
			);
			runOnlyForDeploymentPostprocessing = 0;
		};
		A3B0020A2CA45EE500859461 /* Frameworks */ = {
			isa = PBXFrameworksBuildPhase;
			buildActionMask = 2147483647;
			files = (
			);
			runOnlyForDeploymentPostprocessing = 0;
		};
/* End PBXFrameworksBuildPhase section */

/* Begin PBXGroup section */
		A3B001EA2CA45EE300859461 = {
			isa = PBXGroup;
			children = (
				A3B001F52CA45EE300859461 /* ZotSwipe */,
				A3B002062CA45EE500859461 /* ZotSwipeTests */,
				A3B002102CA45EE500859461 /* ZotSwipeUITests */,
				A3B001F42CA45EE300859461 /* Products */,
			);
			sourceTree = "<group>";
		};
		A3B001F42CA45EE300859461 /* Products */ = {
			isa = PBXGroup;
			children = (
				A3B001F32CA45EE300859461 /* ZotSwipe.app */,
				A3B002032CA45EE500859461 /* ZotSwipeTests.xctest */,
				A3B0020D2CA45EE500859461 /* ZotSwipeUITests.xctest */,
			);
			name = Products;
			sourceTree = "<group>";
		};
		A3B001F52CA45EE300859461 /* ZotSwipe */ = {
			isa = PBXGroup;
			children = (
				A3B0022C2CA76B7B00859461 /* Info.plist */,
				A35D59A92CA7BAC200866AC6 /* GoogleService-Info.plist */,
				A35D59B62CA863CA00866AC6 /* BuyerView.swift */,
				A35D59B52CA863CA00866AC6 /* Components.swift */,
				A35D59B32CA863CA00866AC6 /* ListingDetailView.swift */,
				A35D59B22CA863CA00866AC6 /* Models.swift */,
				A35D59B42CA863CA00866AC6 /* SellerView.swift */,
				A3B001F62CA45EE300859461 /* ZotSwipeApp.swift */,
				A3B001F82CA45EE300859461 /* ContentView.swift */,
				A3B0022A2CA6771400859461 /* MarketplaceView.swift */,
				A3B002282CA676C100859461 /* AboutView.swift */,
				A3B002262CA6766400859461 /* DiningHallsView.swift */,
				A35D59B02CA7BEF200866AC6 /* FirebaseService.swift */,
				A3B001FA2CA45EE500859461 /* Assets.xcassets */,
				A35D59BC2CA87FFB00866AC6 /* LaunchScreen.storyboard */,
				A3B001FC2CA45EE500859461 /* Preview Content */,
			);
			path = ZotSwipe;
			sourceTree = "<group>";
		};
		A3B001FC2CA45EE500859461 /* Preview Content */ = {
			isa = PBXGroup;
			children = (
				A3B001FD2CA45EE500859461 /* Preview Assets.xcassets */,
			);
			path = "Preview Content";
			sourceTree = "<group>";
		};
		A3B002062CA45EE500859461 /* ZotSwipeTests */ = {
			isa = PBXGroup;
			children = (
				A3B002072CA45EE500859461 /* ZotSwipeTests.swift */,
			);
			path = ZotSwipeTests;
			sourceTree = "<group>";
		};
		A3B002102CA45EE500859461 /* ZotSwipeUITests */ = {
			isa = PBXGroup;
			children = (
				A3B002112CA45EE500859461 /* ZotSwipeUITests.swift */,
				A3B002132CA45EE500859461 /* ZotSwipeUITestsLaunchTests.swift */,
			);
			path = ZotSwipeUITests;
			sourceTree = "<group>";
		};
/* End PBXGroup section */

/* Begin PBXNativeTarget section */
		A3B001F22CA45EE300859461 /* ZotSwipe */ = {
			isa = PBXNativeTarget;
			buildConfigurationList = A3B002172CA45EE500859461 /* Build configuration list for PBXNativeTarget "ZotSwipe" */;
			buildPhases = (
				A3B001EF2CA45EE300859461 /* Sources */,
				A3B001F02CA45EE300859461 /* Frameworks */,
				A3B001F12CA45EE300859461 /* Resources */,
			);
			buildRules = (
			);
			dependencies = (
			);
			name = ZotSwipe;
			packageProductDependencies = (
				A35D59AC2CA7BE0C00866AC6 /* FirebaseAnalytics */,
				A35D59AE2CA7BE0C00866AC6 /* FirebaseFirestore */,
			);
			productName = ZotSwipe;
			productReference = A3B001F32CA45EE300859461 /* ZotSwipe.app */;
			productType = "com.apple.product-type.application";
		};
		A3B002022CA45EE500859461 /* ZotSwipeTests */ = {
			isa = PBXNativeTarget;
			buildConfigurationList = A3B0021A2CA45EE500859461 /* Build configuration list for PBXNativeTarget "ZotSwipeTests" */;
			buildPhases = (
				A3B001FF2CA45EE500859461 /* Sources */,
				A3B002002CA45EE500859461 /* Frameworks */,
				A3B002012CA45EE500859461 /* Resources */,
			);
			buildRules = (
			);
			dependencies = (
				A3B002052CA45EE500859461 /* PBXTargetDependency */,
			);
			name = ZotSwipeTests;
			productName = ZotSwipeTests;
			productReference = A3B002032CA45EE500859461 /* ZotSwipeTests.xctest */;
			productType = "com.apple.product-type.bundle.unit-test";
		};
		A3B0020C2CA45EE500859461 /* ZotSwipeUITests */ = {
			isa = PBXNativeTarget;
			buildConfigurationList = A3B0021D2CA45EE500859461 /* Build configuration list for PBXNativeTarget "ZotSwipeUITests" */;
			buildPhases = (
				A3B002092CA45EE500859461 /* Sources */,
				A3B0020A2CA45EE500859461 /* Frameworks */,
				A3B0020B2CA45EE500859461 /* Resources */,
			);
			buildRules = (
			);
			dependencies = (
				A3B0020F2CA45EE500859461 /* PBXTargetDependency */,
			);
			name = ZotSwipeUITests;
			productName = ZotSwipeUITests;
			productReference = A3B0020D2CA45EE500859461 /* ZotSwipeUITests.xctest */;
			productType = "com.apple.product-type.bundle.ui-testing";
		};
/* End PBXNativeTarget section */

/* Begin PBXProject section */
		A3B001EB2CA45EE300859461 /* Project object */ = {
			isa = PBXProject;
			attributes = {
				BuildIndependentTargetsInParallel = 1;
				LastSwiftUpdateCheck = 1540;
				LastUpgradeCheck = 1540;
				TargetAttributes = {
					A3B001F22CA45EE300859461 = {
						CreatedOnToolsVersion = 15.4;
					};
					A3B002022CA45EE500859461 = {
						CreatedOnToolsVersion = 15.4;
						TestTargetID = A3B001F22CA45EE300859461;
					};
					A3B0020C2CA45EE500859461 = {
						CreatedOnToolsVersion = 15.4;
						TestTargetID = A3B001F22CA45EE300859461;
					};
				};
			};
			buildConfigurationList = A3B001EE2CA45EE300859461 /* Build configuration list for PBXProject "ZotSwipe" */;
			compatibilityVersion = "Xcode 14.0";
			developmentRegion = en;
			hasScannedForEncodings = 0;
			knownRegions = (
				en,
				Base,
			);
			mainGroup = A3B001EA2CA45EE300859461;
			packageReferences = (
				A35D59AB2CA7BD7100866AC6 /* XCRemoteSwiftPackageReference "firebase-ios-sdk" */,
			);
			productRefGroup = A3B001F42CA45EE300859461 /* Products */;
			projectDirPath = "";
			projectRoot = "";
			targets = (
				A3B001F22CA45EE300859461 /* ZotSwipe */,
				A3B002022CA45EE500859461 /* ZotSwipeTests */,
				A3B0020C2CA45EE500859461 /* ZotSwipeUITests */,
			);
		};
/* End PBXProject section */

/* Begin PBXResourcesBuildPhase section */
		A3B001F12CA45EE300859461 /* Resources */ = {
			isa = PBXResourcesBuildPhase;
			buildActionMask = 2147483647;
			files = (
				A3B001FE2CA45EE500859461 /* Preview Assets.xcassets in Resources */,
				A35D59BD2CA87FFB00866AC6 /* LaunchScreen.storyboard in Resources */,
				A3B001FB2CA45EE500859461 /* Assets.xcassets in Resources */,
				A35D59AA2CA7BAC200866AC6 /* GoogleService-Info.plist in Resources */,
			);
			runOnlyForDeploymentPostprocessing = 0;
		};
		A3B002012CA45EE500859461 /* Resources */ = {
			isa = PBXResourcesBuildPhase;
			buildActionMask = 2147483647;
			files = (
			);
			runOnlyForDeploymentPostprocessing = 0;
		};
		A3B0020B2CA45EE500859461 /* Resources */ = {
			isa = PBXResourcesBuildPhase;
			buildActionMask = 2147483647;
			files = (
			);
			runOnlyForDeploymentPostprocessing = 0;
		};
/* End PBXResourcesBuildPhase section */

/* Begin PBXSourcesBuildPhase section */
		A3B001EF2CA45EE300859461 /* Sources */ = {
			isa = PBXSourcesBuildPhase;
			buildActionMask = 2147483647;
			files = (
				A3B002272CA6766400859461 /* DiningHallsView.swift in Sources */,
				A3B001F92CA45EE300859461 /* ContentView.swift in Sources */,
				A35D59B82CA863CA00866AC6 /* ListingDetailView.swift in Sources */,
				A3B0022B2CA6771400859461 /* MarketplaceView.swift in Sources */,
				A3B001F72CA45EE300859461 /* ZotSwipeApp.swift in Sources */,
				A35D59BB2CA863CA00866AC6 /* BuyerView.swift in Sources */,
				A35D59B12CA7BEF200866AC6 /* FirebaseService.swift in Sources */,
				A3B002292CA676C100859461 /* AboutView.swift in Sources */,
				A35D59BA2CA863CA00866AC6 /* Components.swift in Sources */,
				A35D59B92CA863CA00866AC6 /* SellerView.swift in Sources */,
				A35D59B72CA863CA00866AC6 /* Models.swift in Sources */,
			);
			runOnlyForDeploymentPostprocessing = 0;
		};
		A3B001FF2CA45EE500859461 /* Sources */ = {
			isa = PBXSourcesBuildPhase;
			buildActionMask = 2147483647;
			files = (
				A3B002082CA45EE500859461 /* ZotSwipeTests.swift in Sources */,
			);
			runOnlyForDeploymentPostprocessing = 0;
		};
		A3B002092CA45EE500859461 /* Sources */ = {
			isa = PBXSourcesBuildPhase;
			buildActionMask = 2147483647;
			files = (
				A3B002142CA45EE500859461 /* ZotSwipeUITestsLaunchTests.swift in Sources */,
				A3B002122CA45EE500859461 /* ZotSwipeUITests.swift in Sources */,
			);
			runOnlyForDeploymentPostprocessing = 0;
		};
/* End PBXSourcesBuildPhase section */

/* Begin PBXTargetDependency section */
		A3B002052CA45EE500859461 /* PBXTargetDependency */ = {
			isa = PBXTargetDependency;
			target = A3B001F22CA45EE300859461 /* ZotSwipe */;
			targetProxy = A3B002042CA45EE500859461 /* PBXContainerItemProxy */;
		};
		A3B0020F2CA45EE500859461 /* PBXTargetDependency */ = {
			isa = PBXTargetDependency;
			target = A3B001F22CA45EE300859461 /* ZotSwipe */;
			targetProxy = A3B0020E2CA45EE500859461 /* PBXContainerItemProxy */;
		};
/* End PBXTargetDependency section */

/* Begin XCBuildConfiguration section */
		A3B002152CA45EE500859461 /* Debug */ = {
			isa = XCBuildConfiguration;
			buildSettings = {
				ALWAYS_SEARCH_USER_PATHS = NO;
				ASSETCATALOG_COMPILER_GENERATE_SWIFT_ASSET_SYMBOL_EXTENSIONS = YES;
				CLANG_ANALYZER_NONNULL = YES;
				CLANG_ANALYZER_NUMBER_OBJECT_CONVERSION = YES_AGGRESSIVE;
				CLANG_CXX_LANGUAGE_STANDARD = "gnu++20";
				CLANG_ENABLE_MODULES = YES;
				CLANG_ENABLE_OBJC_ARC = YES;
				CLANG_ENABLE_OBJC_WEAK = YES;
				CLANG_WARN_BLOCK_CAPTURE_AUTORELEASING = YES;
				CLANG_WARN_BOOL_CONVERSION = YES;
				CLANG_WARN_COMMA = YES;
				CLANG_WARN_CONSTANT_CONVERSION = YES;
				CLANG_WARN_DEPRECATED_OBJC_IMPLEMENTATIONS = YES;
				CLANG_WARN_DIRECT_OBJC_ISA_USAGE = YES_ERROR;
				CLANG_WARN_DOCUMENTATION_COMMENTS = YES;
				CLANG_WARN_EMPTY_BODY = YES;
				CLANG_WARN_ENUM_CONVERSION = YES;
				CLANG_WARN_INFINITE_RECURSION = YES;
				CLANG_WARN_INT_CONVERSION = YES;
				CLANG_WARN_NON_LITERAL_NULL_CONVERSION = YES;
				CLANG_WARN_OBJC_IMPLICIT_RETAIN_SELF = YES;
				CLANG_WARN_OBJC_LITERAL_CONVERSION = YES;
				CLANG_WARN_OBJC_ROOT_CLASS = YES_ERROR;
				CLANG_WARN_QUOTED_INCLUDE_IN_FRAMEWORK_HEADER = YES;
				CLANG_WARN_RANGE_LOOP_ANALYSIS = YES;
				CLANG_WARN_STRICT_PROTOTYPES = YES;
				CLANG_WARN_SUSPICIOUS_MOVE = YES;
				CLANG_WARN_UNGUARDED_AVAILABILITY = YES_AGGRESSIVE;
				CLANG_WARN_UNREACHABLE_CODE = YES;
				CLANG_WARN__DUPLICATE_METHOD_MATCH = YES;
				COPY_PHASE_STRIP = NO;
				DEBUG_INFORMATION_FORMAT = dwarf;
				ENABLE_STRICT_OBJC_MSGSEND = YES;
				ENABLE_TESTABILITY = YES;
				ENABLE_USER_SCRIPT_SANDBOXING = YES;
				GCC_C_LANGUAGE_STANDARD = gnu17;
				GCC_DYNAMIC_NO_PIC = NO;
				GCC_NO_COMMON_BLOCKS = YES;
				GCC_OPTIMIZATION_LEVEL = 0;
				GCC_PREPROCESSOR_DEFINITIONS = (
					"DEBUG=1",
					"$(inherited)",
				);
				GCC_WARN_64_TO_32_BIT_CONVERSION = YES;
				GCC_WARN_ABOUT_RETURN_TYPE = YES_ERROR;
				GCC_WARN_UNDECLARED_SELECTOR = YES;
				GCC_WARN_UNINITIALIZED_AUTOS = YES_AGGRESSIVE;
				GCC_WARN_UNUSED_FUNCTION = YES;
				GCC_WARN_UNUSED_VARIABLE = YES;
				IPHONEOS_DEPLOYMENT_TARGET = 17.5;
				LOCALIZATION_PREFERS_STRING_CATALOGS = YES;
				MTL_ENABLE_DEBUG_INFO = INCLUDE_SOURCE;
				MTL_FAST_MATH = YES;
				ONLY_ACTIVE_ARCH = YES;
				SDKROOT = iphoneos;
				SWIFT_ACTIVE_COMPILATION_CONDITIONS = "DEBUG $(inherited)";
				SWIFT_OPTIMIZATION_LEVEL = "-Onone";
			};
			name = Debug;
		};
		A3B002162CA45EE500859461 /* Release */ = {
			isa = XCBuildConfiguration;
			buildSettings = {
				ALWAYS_SEARCH_USER_PATHS = NO;
				ASSETCATALOG_COMPILER_GENERATE_SWIFT_ASSET_SYMBOL_EXTENSIONS = YES;
				CLANG_ANALYZER_NONNULL = YES;
				CLANG_ANALYZER_NUMBER_OBJECT_CONVERSION = YES_AGGRESSIVE;
				CLANG_CXX_LANGUAGE_STANDARD = "gnu++20";
				CLANG_ENABLE_MODULES = YES;
				CLANG_ENABLE_OBJC_ARC = YES;
				CLANG_ENABLE_OBJC_WEAK = YES;
				CLANG_WARN_BLOCK_CAPTURE_AUTORELEASING = YES;
				CLANG_WARN_BOOL_CONVERSION = YES;
				CLANG_WARN_COMMA = YES;
				CLANG_WARN_CONSTANT_CONVERSION = YES;
				CLANG_WARN_DEPRECATED_OBJC_IMPLEMENTATIONS = YES;
				CLANG_WARN_DIRECT_OBJC_ISA_USAGE = YES_ERROR;
				CLANG_WARN_DOCUMENTATION_COMMENTS = YES;
				CLANG_WARN_EMPTY_BODY = YES;
				CLANG_WARN_ENUM_CONVERSION = YES;
				CLANG_WARN_INFINITE_RECURSION = YES;
				CLANG_WARN_INT_CONVERSION = YES;
				CLANG_WARN_NON_LITERAL_NULL_CONVERSION = YES;
				CLANG_WARN_OBJC_IMPLICIT_RETAIN_SELF = YES;
				CLANG_WARN_OBJC_LITERAL_CONVERSION = YES;
				CLANG_WARN_OBJC_ROOT_CLASS = YES_ERROR;
				CLANG_WARN_QUOTED_INCLUDE_IN_FRAMEWORK_HEADER = YES;
				CLANG_WARN_RANGE_LOOP_ANALYSIS = YES;
				CLANG_WARN_STRICT_PROTOTYPES = YES;
				CLANG_WARN_SUSPICIOUS_MOVE = YES;
				CLANG_WARN_UNGUARDED_AVAILABILITY = YES_AGGRESSIVE;
				CLANG_WARN_UNREACHABLE_CODE = YES;
				CLANG_WARN__DUPLICATE_METHOD_MATCH = YES;
				COPY_PHASE_STRIP = NO;
				DEBUG_INFORMATION_FORMAT = "dwarf-with-dsym";
				ENABLE_NS_ASSERTIONS = NO;
				ENABLE_STRICT_OBJC_MSGSEND = YES;
				ENABLE_USER_SCRIPT_SANDBOXING = YES;
				GCC_C_LANGUAGE_STANDARD = gnu17;
				GCC_NO_COMMON_BLOCKS = YES;
				GCC_WARN_64_TO_32_BIT_CONVERSION = YES;
				GCC_WARN_ABOUT_RETURN_TYPE = YES_ERROR;
				GCC_WARN_UNDECLARED_SELECTOR = YES;
				GCC_WARN_UNINITIALIZED_AUTOS = YES_AGGRESSIVE;
				GCC_WARN_UNUSED_FUNCTION = YES;
				GCC_WARN_UNUSED_VARIABLE = YES;
				IPHONEOS_DEPLOYMENT_TARGET = 17.5;
				LOCALIZATION_PREFERS_STRING_CATALOGS = YES;
				MTL_ENABLE_DEBUG_INFO = NO;
				MTL_FAST_MATH = YES;
				SDKROOT = iphoneos;
				SWIFT_COMPILATION_MODE = wholemodule;
				VALIDATE_PRODUCT = YES;
			};
			name = Release;
		};
		A3B002182CA45EE500859461 /* Debug */ = {
			isa = XCBuildConfiguration;
			buildSettings = {
				ASSETCATALOG_COMPILER_APPICON_NAME = AppIcon;
				ASSETCATALOG_COMPILER_GLOBAL_ACCENT_COLOR_NAME = AccentColor;
				ASSETCATALOG_COMPILER_INCLUDE_ALL_APPICON_ASSETS = NO;
				CODE_SIGN_STYLE = Automatic;
				CURRENT_PROJECT_VERSION = 1;
				DEVELOPMENT_ASSET_PATHS = "\"ZotSwipe/Preview Content\"";
				DEVELOPMENT_TEAM = WVHT79CP85;
				ENABLE_PREVIEWS = YES;
				GENERATE_INFOPLIST_FILE = YES;
				INFOPLIST_FILE = ZotSwipe/Info.plist;
				INFOPLIST_KEY_UIApplicationSceneManifest_Generation = YES;
				INFOPLIST_KEY_UIApplicationSupportsIndirectInputEvents = YES;
				INFOPLIST_KEY_UILaunchScreen_Generation = YES;
				INFOPLIST_KEY_UILaunchStoryboardName = LaunchScreen.storyboard;
				INFOPLIST_KEY_UISupportedInterfaceOrientations_iPad = "UIInterfaceOrientationPortrait UIInterfaceOrientationPortraitUpsideDown UIInterfaceOrientationLandscapeLeft UIInterfaceOrientationLandscapeRight";
				INFOPLIST_KEY_UISupportedInterfaceOrientations_iPhone = "UIInterfaceOrientationPortrait UIInterfaceOrientationLandscapeLeft UIInterfaceOrientationLandscapeRight";
				LD_RUNPATH_SEARCH_PATHS = (
					"$(inherited)",
					"@executable_path/Frameworks",
				);
				MARKETING_VERSION = 1.0;
				PRODUCT_BUNDLE_IDENTIFIER = HanSchurer.ZotSwipe;
				PRODUCT_NAME = "$(TARGET_NAME)";
				SWIFT_EMIT_LOC_STRINGS = YES;
				SWIFT_VERSION = 5.0;
				TARGETED_DEVICE_FAMILY = "1,2";
			};
			name = Debug;
		};
		A3B002192CA45EE500859461 /* Release */ = {
			isa = XCBuildConfiguration;
			buildSettings = {
				ASSETCATALOG_COMPILER_APPICON_NAME = AppIcon;
				ASSETCATALOG_COMPILER_GLOBAL_ACCENT_COLOR_NAME = AccentColor;
				ASSETCATALOG_COMPILER_INCLUDE_ALL_APPICON_ASSETS = NO;
				CODE_SIGN_STYLE = Automatic;
				CURRENT_PROJECT_VERSION = 1;
				DEVELOPMENT_ASSET_PATHS = "\"ZotSwipe/Preview Content\"";
				DEVELOPMENT_TEAM = WVHT79CP85;
				ENABLE_PREVIEWS = YES;
				GENERATE_INFOPLIST_FILE = YES;
				INFOPLIST_FILE = ZotSwipe/Info.plist;
				INFOPLIST_KEY_UIApplicationSceneManifest_Generation = YES;
				INFOPLIST_KEY_UIApplicationSupportsIndirectInputEvents = YES;
				INFOPLIST_KEY_UILaunchScreen_Generation = YES;
				INFOPLIST_KEY_UILaunchStoryboardName = LaunchScreen.storyboard;
				INFOPLIST_KEY_UISupportedInterfaceOrientations_iPad = "UIInterfaceOrientationPortrait UIInterfaceOrientationPortraitUpsideDown UIInterfaceOrientationLandscapeLeft UIInterfaceOrientationLandscapeRight";
				INFOPLIST_KEY_UISupportedInterfaceOrientations_iPhone = "UIInterfaceOrientationPortrait UIInterfaceOrientationLandscapeLeft UIInterfaceOrientationLandscapeRight";
				LD_RUNPATH_SEARCH_PATHS = (
					"$(inherited)",
					"@executable_path/Frameworks",
				);
				MARKETING_VERSION = 1.0;
				PRODUCT_BUNDLE_IDENTIFIER = HanSchurer.ZotSwipe;
				PRODUCT_NAME = "$(TARGET_NAME)";
				SWIFT_EMIT_LOC_STRINGS = YES;
				SWIFT_VERSION = 5.0;
				TARGETED_DEVICE_FAMILY = "1,2";
			};
			name = Release;
		};
		A3B0021B2CA45EE500859461 /* Debug */ = {
			isa = XCBuildConfiguration;
			buildSettings = {
				ALWAYS_EMBED_SWIFT_STANDARD_LIBRARIES = YES;
				BUNDLE_LOADER = "$(TEST_HOST)";
				CODE_SIGN_STYLE = Automatic;
				CURRENT_PROJECT_VERSION = 1;
				GENERATE_INFOPLIST_FILE = YES;
				IPHONEOS_DEPLOYMENT_TARGET = 17.5;
				MARKETING_VERSION = 1.0;
				PRODUCT_BUNDLE_IDENTIFIER = HanSchurer.ZotSwipeTests;
				PRODUCT_NAME = "$(TARGET_NAME)";
				SWIFT_EMIT_LOC_STRINGS = NO;
				SWIFT_VERSION = 5.0;
				TARGETED_DEVICE_FAMILY = "1,2";
				TEST_HOST = "$(BUILT_PRODUCTS_DIR)/ZotSwipe.app/$(BUNDLE_EXECUTABLE_FOLDER_PATH)/ZotSwipe";
			};
			name = Debug;
		};
		A3B0021C2CA45EE500859461 /* Release */ = {
			isa = XCBuildConfiguration;
			buildSettings = {
				ALWAYS_EMBED_SWIFT_STANDARD_LIBRARIES = YES;
				BUNDLE_LOADER = "$(TEST_HOST)";
				CODE_SIGN_STYLE = Automatic;
				CURRENT_PROJECT_VERSION = 1;
				GENERATE_INFOPLIST_FILE = YES;
				IPHONEOS_DEPLOYMENT_TARGET = 17.5;
				MARKETING_VERSION = 1.0;
				PRODUCT_BUNDLE_IDENTIFIER = HanSchurer.ZotSwipeTests;
				PRODUCT_NAME = "$(TARGET_NAME)";
				SWIFT_EMIT_LOC_STRINGS = NO;
				SWIFT_VERSION = 5.0;
				TARGETED_DEVICE_FAMILY = "1,2";
				TEST_HOST = "$(BUILT_PRODUCTS_DIR)/ZotSwipe.app/$(BUNDLE_EXECUTABLE_FOLDER_PATH)/ZotSwipe";
			};
			name = Release;
		};
		A3B0021E2CA45EE500859461 /* Debug */ = {
			isa = XCBuildConfiguration;
			buildSettings = {
				ALWAYS_EMBED_SWIFT_STANDARD_LIBRARIES = YES;
				CODE_SIGN_STYLE = Automatic;
				CURRENT_PROJECT_VERSION = 1;
				GENERATE_INFOPLIST_FILE = YES;
				MARKETING_VERSION = 1.0;
				PRODUCT_BUNDLE_IDENTIFIER = HanSchurer.ZotSwipeUITests;
				PRODUCT_NAME = "$(TARGET_NAME)";
				SWIFT_EMIT_LOC_STRINGS = NO;
				SWIFT_VERSION = 5.0;
				TARGETED_DEVICE_FAMILY = "1,2";
				TEST_TARGET_NAME = ZotSwipe;
			};
			name = Debug;
		};
		A3B0021F2CA45EE500859461 /* Release */ = {
			isa = XCBuildConfiguration;
			buildSettings = {
				ALWAYS_EMBED_SWIFT_STANDARD_LIBRARIES = YES;
				CODE_SIGN_STYLE = Automatic;
				CURRENT_PROJECT_VERSION = 1;
				GENERATE_INFOPLIST_FILE = YES;
				MARKETING_VERSION = 1.0;
				PRODUCT_BUNDLE_IDENTIFIER = HanSchurer.ZotSwipeUITests;
				PRODUCT_NAME = "$(TARGET_NAME)";
				SWIFT_EMIT_LOC_STRINGS = NO;
				SWIFT_VERSION = 5.0;
				TARGETED_DEVICE_FAMILY = "1,2";
				TEST_TARGET_NAME = ZotSwipe;
			};
			name = Release;
		};
/* End XCBuildConfiguration section */

/* Begin XCConfigurationList section */
		A3B001EE2CA45EE300859461 /* Build configuration list for PBXProject "ZotSwipe" */ = {
			isa = XCConfigurationList;
			buildConfigurations = (
				A3B002152CA45EE500859461 /* Debug */,
				A3B002162CA45EE500859461 /* Release */,
			);
			defaultConfigurationIsVisible = 0;
			defaultConfigurationName = Release;
		};
		A3B002172CA45EE500859461 /* Build configuration list for PBXNativeTarget "ZotSwipe" */ = {
			isa = XCConfigurationList;
			buildConfigurations = (
				A3B002182CA45EE500859461 /* Debug */,
				A3B002192CA45EE500859461 /* Release */,
			);
			defaultConfigurationIsVisible = 0;
			defaultConfigurationName = Release;
		};
		A3B0021A2CA45EE500859461 /* Build configuration list for PBXNativeTarget "ZotSwipeTests" */ = {
			isa = XCConfigurationList;
			buildConfigurations = (
				A3B0021B2CA45EE500859461 /* Debug */,
				A3B0021C2CA45EE500859461 /* Release */,
			);
			defaultConfigurationIsVisible = 0;
			defaultConfigurationName = Release;
		};
		A3B0021D2CA45EE500859461 /* Build configuration list for PBXNativeTarget "ZotSwipeUITests" */ = {
			isa = XCConfigurationList;
			buildConfigurations = (
				A3B0021E2CA45EE500859461 /* Debug */,
				A3B0021F2CA45EE500859461 /* Release */,
			);
			defaultConfigurationIsVisible = 0;
			defaultConfigurationName = Release;
		};
/* End XCConfigurationList section */

/* Begin XCRemoteSwiftPackageReference section */
		A35D59AB2CA7BD7100866AC6 /* XCRemoteSwiftPackageReference "firebase-ios-sdk" */ = {
			isa = XCRemoteSwiftPackageReference;
			repositoryURL = "https://github.com/firebase/firebase-ios-sdk";
			requirement = {
				kind = upToNextMajorVersion;
				minimumVersion = 11.2.0;
			};
		};
/* End XCRemoteSwiftPackageReference section */

/* Begin XCSwiftPackageProductDependency section */
		A35D59AC2CA7BE0C00866AC6 /* FirebaseAnalytics */ = {
			isa = XCSwiftPackageProductDependency;
			package = A35D59AB2CA7BD7100866AC6 /* XCRemoteSwiftPackageReference "firebase-ios-sdk" */;
			productName = FirebaseAnalytics;
		};
		A35D59AE2CA7BE0C00866AC6 /* FirebaseFirestore */ = {
			isa = XCSwiftPackageProductDependency;
			package = A35D59AB2CA7BD7100866AC6 /* XCRemoteSwiftPackageReference "firebase-ios-sdk" */;
			productName = FirebaseFirestore;
		};
/* End XCSwiftPackageProductDependency section */
	};
	rootObject = A3B001EB2CA45EE300859461 /* Project object */;
}
